// !$*UTF8*$!
{
	archiveVersion = 1;
	classes = {
	};
	objectVersion = 46;
	objects = {

/* Begin PBXBuildFile section */
		FE017AE214E21555006C6DA3 /* map.png in Resources */ = {isa = PBXBuildFile; fileRef = FE017AE114E21554006C6DA3 /* map.png */; };
		FE017AE414E21603006C6DA3 /* map2.png in Resources */ = {isa = PBXBuildFile; fileRef = FE017AE314E21603006C6DA3 /* map2.png */; };
		FE12D57414E4FB1F00AAA725 /* MarqueeLabel.m in Sources */ = {isa = PBXBuildFile; fileRef = FE12D57314E4FB1F00AAA725 /* MarqueeLabel.m */; settings = {COMPILER_FLAGS = "-fno-objc-arc"; }; };
		FE1E6A6814CA772100730B54 /* AboutScreenViewController.m in Sources */ = {isa = PBXBuildFile; fileRef = FE1E6A6714CA772100730B54 /* AboutScreenViewController.m */; };
		FE1E6A6D14CA776200730B54 /* AboutScreenViewController.xib in Resources */ = {isa = PBXBuildFile; fileRef = FE1E6A6F14CA776200730B54 /* AboutScreenViewController.xib */; };
		FE22D0BD14C6888000429E91 /* FMDatabase.m in Sources */ = {isa = PBXBuildFile; fileRef = FE22D0B714C6888000429E91 /* FMDatabase.m */; settings = {COMPILER_FLAGS = "-fno-objc-arc"; }; };
		FE22D0BE14C6888000429E91 /* FMDatabaseAdditions.m in Sources */ = {isa = PBXBuildFile; fileRef = FE22D0B914C6888000429E91 /* FMDatabaseAdditions.m */; settings = {COMPILER_FLAGS = "-fno-objc-arc"; }; };
		FE22D0C014C6888000429E91 /* FMResultSet.m in Sources */ = {isa = PBXBuildFile; fileRef = FE22D0BC14C6888000429E91 /* FMResultSet.m */; settings = {COMPILER_FLAGS = "-fno-objc-arc"; }; };
		FE23BD1214C96CE5009154C0 /* MBProgressHUD.m in Sources */ = {isa = PBXBuildFile; fileRef = FE23BD1114C96CE5009154C0 /* MBProgressHUD.m */; settings = {COMPILER_FLAGS = "-fno-objc-arc"; }; };
		FE23BD1B14C9B41B009154C0 /* Default.png in Resources */ = {isa = PBXBuildFile; fileRef = FE23BD1914C9B41A009154C0 /* Default.png */; };
		FE23BD1C14C9B41B009154C0 /* Default@2x.png in Resources */ = {isa = PBXBuildFile; fileRef = FE23BD1A14C9B41A009154C0 /* Default@2x.png */; };
		FE45732914E25952000ABBC6 /* route_detail_bg_shadow.png in Resources */ = {isa = PBXBuildFile; fileRef = FE45732814E25952000ABBC6 /* route_detail_bg_shadow.png */; };
		FE45732F14E25E30000ABBC6 /* route_detail_arrow_shadow.png in Resources */ = {isa = PBXBuildFile; fileRef = FE45732D14E25E2F000ABBC6 /* route_detail_arrow_shadow.png */; };
		FE45733014E25E30000ABBC6 /* route_detail_arrow_shadow@2x.png in Resources */ = {isa = PBXBuildFile; fileRef = FE45732E14E25E2F000ABBC6 /* route_detail_arrow_shadow@2x.png */; };
		FE45733714E27654000ABBC6 /* welcomeHint.png in Resources */ = {isa = PBXBuildFile; fileRef = FE45733514E27653000ABBC6 /* welcomeHint.png */; };
		FE45733814E27654000ABBC6 /* welcomeHint@2x.png in Resources */ = {isa = PBXBuildFile; fileRef = FE45733614E27654000ABBC6 /* welcomeHint@2x.png */; };
		FE45733B14E27F19000ABBC6 /* Localizable.strings in Resources */ = {isa = PBXBuildFile; fileRef = FE45733D14E27F19000ABBC6 /* Localizable.strings */; };
		FE4AF27014E2FC80008E21B4 /* welcomeHint_chinese.png in Resources */ = {isa = PBXBuildFile; fileRef = FE4AF26E14E2FC80008E21B4 /* welcomeHint_chinese.png */; };
		FE4AF27114E2FC80008E21B4 /* welcomeHint_chinese@2x.png in Resources */ = {isa = PBXBuildFile; fileRef = FE4AF26F14E2FC80008E21B4 /* welcomeHint_chinese@2x.png */; };
		FE53B44314C307D900FAD3D2 /* cell_bg.png in Resources */ = {isa = PBXBuildFile; fileRef = FE53B44114C307D900FAD3D2 /* cell_bg.png */; };
		FE53B44414C307D900FAD3D2 /* cell_bg@2x.png in Resources */ = {isa = PBXBuildFile; fileRef = FE53B44214C307D900FAD3D2 /* cell_bg@2x.png */; };
		FE53B44E14C30E3D00FAD3D2 /* route_detail_arrow.png in Resources */ = {isa = PBXBuildFile; fileRef = FE53B44C14C30E3D00FAD3D2 /* route_detail_arrow.png */; };
		FE53B44F14C30E3D00FAD3D2 /* route_detail_bg.png in Resources */ = {isa = PBXBuildFile; fileRef = FE53B44D14C30E3D00FAD3D2 /* route_detail_bg.png */; };
		FEA5E8FB14C13C3800DCA3A0 /* btnBus_64x64.png in Resources */ = {isa = PBXBuildFile; fileRef = FEA5E8F514C13C3800DCA3A0 /* btnBus_64x64.png */; };
		FEA5E8FC14C13C3800DCA3A0 /* btnBus_original.psd in Resources */ = {isa = PBXBuildFile; fileRef = FEA5E8F614C13C3800DCA3A0 /* btnBus_original.psd */; };
		FEA5E8FE14C13C3800DCA3A0 /* star_grey.png in Resources */ = {isa = PBXBuildFile; fileRef = FEA5E8F814C13C3800DCA3A0 /* star_grey.png */; };
		FEA5E8FF14C13C3800DCA3A0 /* star_yellow.png in Resources */ = {isa = PBXBuildFile; fileRef = FEA5E8F914C13C3800DCA3A0 /* star_yellow.png */; };
		FEACF03E14C027F8003CC962 /* UIKit.framework in Frameworks */ = {isa = PBXBuildFile; fileRef = FEACF03D14C027F8003CC962 /* UIKit.framework */; };
		FEACF04014C027F8003CC962 /* Foundation.framework in Frameworks */ = {isa = PBXBuildFile; fileRef = FEACF03F14C027F8003CC962 /* Foundation.framework */; };
		FEACF04214C027F8003CC962 /* CoreGraphics.framework in Frameworks */ = {isa = PBXBuildFile; fileRef = FEACF04114C027F8003CC962 /* CoreGraphics.framework */; };
		FEACF04814C027F8003CC962 /* InfoPlist.strings in Resources */ = {isa = PBXBuildFile; fileRef = FEACF04614C027F8003CC962 /* InfoPlist.strings */; };
		FEACF04A14C027F8003CC962 /* main.m in Sources */ = {isa = PBXBuildFile; fileRef = FEACF04914C027F8003CC962 /* main.m */; };
		FEACF04E14C027F8003CC962 /* AppDelegate.m in Sources */ = {isa = PBXBuildFile; fileRef = FEACF04D14C027F8003CC962 /* AppDelegate.m */; };
		FEACF05114C027F8003CC962 /* FavouritesViewController.m in Sources */ = {isa = PBXBuildFile; fileRef = FEACF05014C027F8003CC962 /* FavouritesViewController.m */; };
		FEACF05814C027F8003CC962 /* SearchViewController.m in Sources */ = {isa = PBXBuildFile; fileRef = FEACF05714C027F8003CC962 /* SearchViewController.m */; };
		FEACF05F14C027F8003CC962 /* FavouritesViewController.xib in Resources */ = {isa = PBXBuildFile; fileRef = FEACF05D14C027F8003CC962 /* FavouritesViewController.xib */; };
		FEACF06214C027F8003CC962 /* SearchViewController.xib in Resources */ = {isa = PBXBuildFile; fileRef = FEACF06014C027F8003CC962 /* SearchViewController.xib */; };
		FEACF06914C02810003CC962 /* CoreLocation.framework in Frameworks */ = {isa = PBXBuildFile; fileRef = FEACF06814C02810003CC962 /* CoreLocation.framework */; };
		FEACF06B14C02819003CC962 /* QuartzCore.framework in Frameworks */ = {isa = PBXBuildFile; fileRef = FEACF06A14C02819003CC962 /* QuartzCore.framework */; };
		FEACF06D14C02828003CC962 /* libsqlite3.0.dylib in Frameworks */ = {isa = PBXBuildFile; fileRef = FEACF06C14C02828003CC962 /* libsqlite3.0.dylib */; };
		FEACF07414C02A83003CC962 /* MoreViewController.m in Sources */ = {isa = PBXBuildFile; fileRef = FEACF07214C02A83003CC962 /* MoreViewController.m */; };
		FEACF07614C02A91003CC962 /* MoreViewController.xib in Resources */ = {isa = PBXBuildFile; fileRef = FEACF07814C02A91003CC962 /* MoreViewController.xib */; };
		FEACF07F14C02DDF003CC962 /* FavouriteStopsCentralManager.m in Sources */ = {isa = PBXBuildFile; fileRef = FEACF07C14C02DDF003CC962 /* FavouriteStopsCentralManager.m */; };
		FEACF08014C02DDF003CC962 /* GRTDatabaseManager.m in Sources */ = {isa = PBXBuildFile; fileRef = FEACF07E14C02DDF003CC962 /* GRTDatabaseManager.m */; };
		FEACF08414C02E98003CC962 /* Stop.m in Sources */ = {isa = PBXBuildFile; fileRef = FEACF08314C02E98003CC962 /* Stop.m */; };
		FEACF08714C02F08003CC962 /* BusRoute.m in Sources */ = {isa = PBXBuildFile; fileRef = FEACF08614C02F08003CC962 /* BusRoute.m */; };
		FEACF08A14C02F63003CC962 /* CountDown.m in Sources */ = {isa = PBXBuildFile; fileRef = FEACF08914C02F63003CC962 /* CountDown.m */; };
		FEACF09014C08F1E003CC962 /* BusStopBaseTableViewController.m in Sources */ = {isa = PBXBuildFile; fileRef = FEACF08D14C08F1E003CC962 /* BusStopBaseTableViewController.m */; };
		FEACF09114C08F1E003CC962 /* BusStopsPullToRefreshTableViewController.m in Sources */ = {isa = PBXBuildFile; fileRef = FEACF08F14C08F1E003CC962 /* BusStopsPullToRefreshTableViewController.m */; };
		FEACF09814C08F48003CC962 /* blackArrow.png in Resources */ = {isa = PBXBuildFile; fileRef = FEACF09414C08F48003CC962 /* blackArrow.png */; };
		FEACF09914C08F49003CC962 /* blueArrow.png in Resources */ = {isa = PBXBuildFile; fileRef = FEACF09514C08F48003CC962 /* blueArrow.png */; };
		FEACF09A14C08F49003CC962 /* blueArrow_new.png in Resources */ = {isa = PBXBuildFile; fileRef = FEACF09614C08F48003CC962 /* blueArrow_new.png */; };
		FEACF09B14C08F49003CC962 /* whiteArrow.png in Resources */ = {isa = PBXBuildFile; fileRef = FEACF09714C08F48003CC962 /* whiteArrow.png */; };
		FEACF0A114C08F5B003CC962 /* EGORefreshTableHeaderView.m in Sources */ = {isa = PBXBuildFile; fileRef = FEACF09E14C08F5B003CC962 /* EGORefreshTableHeaderView.m */; settings = {COMPILER_FLAGS = "-fno-objc-arc"; }; };
		FEACF0A214C08F5B003CC962 /* PullToRefreshTableViewController.m in Sources */ = {isa = PBXBuildFile; fileRef = FEACF0A014C08F5B003CC962 /* PullToRefreshTableViewController.m */; settings = {COMPILER_FLAGS = "-fno-objc-arc"; }; };
		FEACF0AC14C08FA4003CC962 /* BusStopCellBaseClass.m in Sources */ = {isa = PBXBuildFile; fileRef = FEACF0A514C08FA4003CC962 /* BusStopCellBaseClass.m */; };
		FEACF0AD14C08FA4003CC962 /* OpenedBusStopCell.m in Sources */ = {isa = PBXBuildFile; fileRef = FEACF0A714C08FA4003CC962 /* OpenedBusStopCell.m */; };
		FEACF0AE14C08FA4003CC962 /* RouteDetailCell.m in Sources */ = {isa = PBXBuildFile; fileRef = FEACF0A914C08FA4003CC962 /* RouteDetailCell.m */; };
		FEACF0AF14C08FA4003CC962 /* UnopenedBusStopCell.m in Sources */ = {isa = PBXBuildFile; fileRef = FEACF0AB14C08FA4003CC962 /* UnopenedBusStopCell.m */; };
		FEAEBCBF14E77A02003D59FF /* icon@2x.png in Resources */ = {isa = PBXBuildFile; fileRef = FEAEBCBE14E77A02003D59FF /* icon@2x.png */; };
		FEAEBCC114E77A05003D59FF /* icon.png in Resources */ = {isa = PBXBuildFile; fileRef = FEAEBCC014E77A05003D59FF /* icon.png */; };
		FEE7117214E6C683000EFE94 /* MapKit.framework in Frameworks */ = {isa = PBXBuildFile; fileRef = FEE7117114E6C683000EFE94 /* MapKit.framework */; settings = {ATTRIBUTES = (Required, ); }; };
		FEF5D83D14C89945002ABB2E /* GRTDataBase_20Jan2012.sqlite in Resources */ = {isa = PBXBuildFile; fileRef = FEF5D83C14C89945002ABB2E /* GRTDataBase_20Jan2012.sqlite */; };
		FEFCC15C14C9265C0037B0D9 /* star_empty_big.png in Resources */ = {isa = PBXBuildFile; fileRef = FEFCC15814C9265C0037B0D9 /* star_empty_big.png */; };
		FEFCC15D14C9265C0037B0D9 /* star_empty_big@2x.png in Resources */ = {isa = PBXBuildFile; fileRef = FEFCC15914C9265C0037B0D9 /* star_empty_big@2x.png */; };
		FEFCC15E14C9265C0037B0D9 /* star_full_big.png in Resources */ = {isa = PBXBuildFile; fileRef = FEFCC15A14C9265C0037B0D9 /* star_full_big.png */; };
		FEFCC15F14C9265C0037B0D9 /* star_full_big@2x.png in Resources */ = {isa = PBXBuildFile; fileRef = FEFCC15B14C9265C0037B0D9 /* star_full_big@2x.png */; };
/* End PBXBuildFile section */

/* Begin PBXFileReference section */
		FE017AE114E21554006C6DA3 /* map.png */ = {isa = PBXFileReference; lastKnownFileType = image.png; path = map.png; sourceTree = "<group>"; };
		FE017AE314E21603006C6DA3 /* map2.png */ = {isa = PBXFileReference; lastKnownFileType = image.png; path = map2.png; sourceTree = "<group>"; };
		FE12D57214E4FB1E00AAA725 /* MarqueeLabel.h */ = {isa = PBXFileReference; fileEncoding = 4; lastKnownFileType = sourcecode.c.h; path = MarqueeLabel.h; sourceTree = "<group>"; };
		FE12D57314E4FB1F00AAA725 /* MarqueeLabel.m */ = {isa = PBXFileReference; fileEncoding = 4; lastKnownFileType = sourcecode.c.objc; path = MarqueeLabel.m; sourceTree = "<group>"; };
		FE1E6A6614CA772100730B54 /* AboutScreenViewController.h */ = {isa = PBXFileReference; fileEncoding = 4; lastKnownFileType = sourcecode.c.h; path = AboutScreenViewController.h; sourceTree = "<group>"; };
		FE1E6A6714CA772100730B54 /* AboutScreenViewController.m */ = {isa = PBXFileReference; fileEncoding = 4; lastKnownFileType = sourcecode.c.objc; path = AboutScreenViewController.m; sourceTree = "<group>"; };
		FE1E6A6E14CA776200730B54 /* en */ = {isa = PBXFileReference; lastKnownFileType = file.xib; name = en; path = en.lproj/AboutScreenViewController.xib; sourceTree = "<group>"; };
		FE1E6A7014CA776900730B54 /* zh-Hans */ = {isa = PBXFileReference; lastKnownFileType = file.xib; name = "zh-Hans"; path = "zh-Hans.lproj/AboutScreenViewController.xib"; sourceTree = "<group>"; };
		FE22D0B614C6888000429E91 /* FMDatabase.h */ = {isa = PBXFileReference; fileEncoding = 4; lastKnownFileType = sourcecode.c.h; path = FMDatabase.h; sourceTree = "<group>"; };
		FE22D0B714C6888000429E91 /* FMDatabase.m */ = {isa = PBXFileReference; fileEncoding = 4; lastKnownFileType = sourcecode.c.objc; path = FMDatabase.m; sourceTree = "<group>"; };
		FE22D0B814C6888000429E91 /* FMDatabaseAdditions.h */ = {isa = PBXFileReference; fileEncoding = 4; lastKnownFileType = sourcecode.c.h; path = FMDatabaseAdditions.h; sourceTree = "<group>"; };
		FE22D0B914C6888000429E91 /* FMDatabaseAdditions.m */ = {isa = PBXFileReference; fileEncoding = 4; lastKnownFileType = sourcecode.c.objc; path = FMDatabaseAdditions.m; sourceTree = "<group>"; };
		FE22D0BB14C6888000429E91 /* FMResultSet.h */ = {isa = PBXFileReference; fileEncoding = 4; lastKnownFileType = sourcecode.c.h; path = FMResultSet.h; sourceTree = "<group>"; };
		FE22D0BC14C6888000429E91 /* FMResultSet.m */ = {isa = PBXFileReference; fileEncoding = 4; lastKnownFileType = sourcecode.c.objc; path = FMResultSet.m; sourceTree = "<group>"; };
		FE23BD1014C96CE5009154C0 /* MBProgressHUD.h */ = {isa = PBXFileReference; fileEncoding = 4; lastKnownFileType = sourcecode.c.h; path = MBProgressHUD.h; sourceTree = "<group>"; };
		FE23BD1114C96CE5009154C0 /* MBProgressHUD.m */ = {isa = PBXFileReference; fileEncoding = 4; lastKnownFileType = sourcecode.c.objc; path = MBProgressHUD.m; sourceTree = "<group>"; };
		FE23BD1914C9B41A009154C0 /* Default.png */ = {isa = PBXFileReference; lastKnownFileType = image.png; path = Default.png; sourceTree = "<group>"; };
		FE23BD1A14C9B41A009154C0 /* Default@2x.png */ = {isa = PBXFileReference; lastKnownFileType = image.png; path = "Default@2x.png"; sourceTree = "<group>"; };
		FE45732814E25952000ABBC6 /* route_detail_bg_shadow.png */ = {isa = PBXFileReference; lastKnownFileType = image.png; path = route_detail_bg_shadow.png; sourceTree = "<group>"; };
		FE45732D14E25E2F000ABBC6 /* route_detail_arrow_shadow.png */ = {isa = PBXFileReference; lastKnownFileType = image.png; path = route_detail_arrow_shadow.png; sourceTree = "<group>"; };
		FE45732E14E25E2F000ABBC6 /* route_detail_arrow_shadow@2x.png */ = {isa = PBXFileReference; lastKnownFileType = image.png; path = "route_detail_arrow_shadow@2x.png"; sourceTree = "<group>"; };
		FE45733514E27653000ABBC6 /* welcomeHint.png */ = {isa = PBXFileReference; lastKnownFileType = image.png; path = welcomeHint.png; sourceTree = "<group>"; };
		FE45733614E27654000ABBC6 /* welcomeHint@2x.png */ = {isa = PBXFileReference; lastKnownFileType = image.png; path = "welcomeHint@2x.png"; sourceTree = "<group>"; };
		FE45733C14E27F19000ABBC6 /* en */ = {isa = PBXFileReference; lastKnownFileType = text.plist.strings; name = en; path = en.lproj/Localizable.strings; sourceTree = "<group>"; };
		FE45733E14E27FE8000ABBC6 /* zh-Hans */ = {isa = PBXFileReference; lastKnownFileType = text.plist.strings; name = "zh-Hans"; path = "zh-Hans.lproj/Localizable.strings"; sourceTree = "<group>"; };
		FE4AF26E14E2FC80008E21B4 /* welcomeHint_chinese.png */ = {isa = PBXFileReference; lastKnownFileType = image.png; path = welcomeHint_chinese.png; sourceTree = "<group>"; };
		FE4AF26F14E2FC80008E21B4 /* welcomeHint_chinese@2x.png */ = {isa = PBXFileReference; lastKnownFileType = image.png; path = "welcomeHint_chinese@2x.png"; sourceTree = "<group>"; };
		FE53B44114C307D900FAD3D2 /* cell_bg.png */ = {isa = PBXFileReference; lastKnownFileType = image.png; path = cell_bg.png; sourceTree = "<group>"; };
		FE53B44214C307D900FAD3D2 /* cell_bg@2x.png */ = {isa = PBXFileReference; lastKnownFileType = image.png; path = "cell_bg@2x.png"; sourceTree = "<group>"; };
		FE53B44C14C30E3D00FAD3D2 /* route_detail_arrow.png */ = {isa = PBXFileReference; lastKnownFileType = image.png; path = route_detail_arrow.png; sourceTree = "<group>"; };
		FE53B44D14C30E3D00FAD3D2 /* route_detail_bg.png */ = {isa = PBXFileReference; lastKnownFileType = image.png; path = route_detail_bg.png; sourceTree = "<group>"; };
		FE97911E14E2CD3400A6B34C /* NextGRT-Prefix.pch */ = {isa = PBXFileReference; fileEncoding = 4; lastKnownFileType = sourcecode.c.h; path = "NextGRT-Prefix.pch"; sourceTree = "<group>"; };
		FEA5E8F514C13C3800DCA3A0 /* btnBus_64x64.png */ = {isa = PBXFileReference; lastKnownFileType = image.png; path = btnBus_64x64.png; sourceTree = "<group>"; };
		FEA5E8F614C13C3800DCA3A0 /* btnBus_original.psd */ = {isa = PBXFileReference; lastKnownFileType = file; path = btnBus_original.psd; sourceTree = "<group>"; };
		FEA5E8F814C13C3800DCA3A0 /* star_grey.png */ = {isa = PBXFileReference; lastKnownFileType = image.png; path = star_grey.png; sourceTree = "<group>"; };
		FEA5E8F914C13C3800DCA3A0 /* star_yellow.png */ = {isa = PBXFileReference; lastKnownFileType = image.png; path = star_yellow.png; sourceTree = "<group>"; };
		FEACF03914C027F8003CC962 /* NextGRT.app */ = {isa = PBXFileReference; explicitFileType = wrapper.application; includeInIndex = 0; path = NextGRT.app; sourceTree = BUILT_PRODUCTS_DIR; };
		FEACF03D14C027F8003CC962 /* UIKit.framework */ = {isa = PBXFileReference; lastKnownFileType = wrapper.framework; name = UIKit.framework; path = System/Library/Frameworks/UIKit.framework; sourceTree = SDKROOT; };
		FEACF03F14C027F8003CC962 /* Foundation.framework */ = {isa = PBXFileReference; lastKnownFileType = wrapper.framework; name = Foundation.framework; path = System/Library/Frameworks/Foundation.framework; sourceTree = SDKROOT; };
		FEACF04114C027F8003CC962 /* CoreGraphics.framework */ = {isa = PBXFileReference; lastKnownFileType = wrapper.framework; name = CoreGraphics.framework; path = System/Library/Frameworks/CoreGraphics.framework; sourceTree = SDKROOT; };
		FEACF04514C027F8003CC962 /* NextGRT-Info.plist */ = {isa = PBXFileReference; lastKnownFileType = text.plist.xml; path = "NextGRT-Info.plist"; sourceTree = "<group>"; };
		FEACF04714C027F8003CC962 /* en */ = {isa = PBXFileReference; lastKnownFileType = text.plist.strings; name = en; path = en.lproj/InfoPlist.strings; sourceTree = "<group>"; };
		FEACF04914C027F8003CC962 /* main.m */ = {isa = PBXFileReference; lastKnownFileType = sourcecode.c.objc; path = main.m; sourceTree = "<group>"; };
		FEACF04C14C027F8003CC962 /* AppDelegate.h */ = {isa = PBXFileReference; lastKnownFileType = sourcecode.c.h; path = AppDelegate.h; sourceTree = "<group>"; };
		FEACF04D14C027F8003CC962 /* AppDelegate.m */ = {isa = PBXFileReference; lastKnownFileType = sourcecode.c.objc; path = AppDelegate.m; sourceTree = "<group>"; };
		FEACF04F14C027F8003CC962 /* FavouritesViewController.h */ = {isa = PBXFileReference; lastKnownFileType = sourcecode.c.h; path = FavouritesViewController.h; sourceTree = "<group>"; };
		FEACF05014C027F8003CC962 /* FavouritesViewController.m */ = {isa = PBXFileReference; lastKnownFileType = sourcecode.c.objc; path = FavouritesViewController.m; sourceTree = "<group>"; };
		FEACF05614C027F8003CC962 /* SearchViewController.h */ = {isa = PBXFileReference; lastKnownFileType = sourcecode.c.h; path = SearchViewController.h; sourceTree = "<group>"; };
		FEACF05714C027F8003CC962 /* SearchViewController.m */ = {isa = PBXFileReference; lastKnownFileType = sourcecode.c.objc; path = SearchViewController.m; sourceTree = "<group>"; };
		FEACF05E14C027F8003CC962 /* en */ = {isa = PBXFileReference; lastKnownFileType = file.xib; name = en; path = en.lproj/FavouritesViewController.xib; sourceTree = "<group>"; };
		FEACF06114C027F8003CC962 /* en */ = {isa = PBXFileReference; lastKnownFileType = file.xib; name = en; path = en.lproj/SearchViewController.xib; sourceTree = "<group>"; };
		FEACF06814C02810003CC962 /* CoreLocation.framework */ = {isa = PBXFileReference; lastKnownFileType = wrapper.framework; name = CoreLocation.framework; path = System/Library/Frameworks/CoreLocation.framework; sourceTree = SDKROOT; };
		FEACF06A14C02819003CC962 /* QuartzCore.framework */ = {isa = PBXFileReference; lastKnownFileType = wrapper.framework; name = QuartzCore.framework; path = System/Library/Frameworks/QuartzCore.framework; sourceTree = SDKROOT; };
		FEACF06C14C02828003CC962 /* libsqlite3.0.dylib */ = {isa = PBXFileReference; lastKnownFileType = "compiled.mach-o.dylib"; name = libsqlite3.0.dylib; path = usr/lib/libsqlite3.0.dylib; sourceTree = SDKROOT; };
		FEACF06E14C02960003CC962 /* zh-Hans */ = {isa = PBXFileReference; lastKnownFileType = file.xib; name = "zh-Hans"; path = "/Users/elton/Documents/workspace/NextGRT/NextGRT/zh-Hans.lproj/FavouritesViewController.xib"; sourceTree = "<absolute>"; };
		FEACF06F14C02960003CC962 /* zh-Hans */ = {isa = PBXFileReference; lastKnownFileType = text.plist.strings; name = "zh-Hans"; path = "/Users/elton/Documents/workspace/NextGRT/NextGRT/zh-Hans.lproj/InfoPlist.strings"; sourceTree = "<absolute>"; };
		FEACF07014C02960003CC962 /* zh-Hans */ = {isa = PBXFileReference; lastKnownFileType = file.xib; name = "zh-Hans"; path = "/Users/elton/Documents/workspace/NextGRT/NextGRT/zh-Hans.lproj/SearchViewController.xib"; sourceTree = "<absolute>"; };
		FEACF07114C02A83003CC962 /* MoreViewController.h */ = {isa = PBXFileReference; fileEncoding = 4; lastKnownFileType = sourcecode.c.h; path = MoreViewController.h; sourceTree = "<group>"; };
		FEACF07214C02A83003CC962 /* MoreViewController.m */ = {isa = PBXFileReference; fileEncoding = 4; lastKnownFileType = sourcecode.c.objc; path = MoreViewController.m; sourceTree = "<group>"; };
		FEACF07714C02A91003CC962 /* en */ = {isa = PBXFileReference; lastKnownFileType = file.xib; name = en; path = en.lproj/MoreViewController.xib; sourceTree = "<group>"; };
		FEACF07914C02A99003CC962 /* zh-Hans */ = {isa = PBXFileReference; lastKnownFileType = file.xib; name = "zh-Hans"; path = "zh-Hans.lproj/MoreViewController.xib"; sourceTree = "<group>"; };
		FEACF07B14C02DDF003CC962 /* FavouriteStopsCentralManager.h */ = {isa = PBXFileReference; fileEncoding = 4; lastKnownFileType = sourcecode.c.h; path = FavouriteStopsCentralManager.h; sourceTree = "<group>"; };
		FEACF07C14C02DDF003CC962 /* FavouriteStopsCentralManager.m */ = {isa = PBXFileReference; fileEncoding = 4; lastKnownFileType = sourcecode.c.objc; path = FavouriteStopsCentralManager.m; sourceTree = "<group>"; };
		FEACF07D14C02DDF003CC962 /* GRTDatabaseManager.h */ = {isa = PBXFileReference; fileEncoding = 4; lastKnownFileType = sourcecode.c.h; path = GRTDatabaseManager.h; sourceTree = "<group>"; };
		FEACF07E14C02DDF003CC962 /* GRTDatabaseManager.m */ = {isa = PBXFileReference; fileEncoding = 4; lastKnownFileType = sourcecode.c.objc; lineEnding = 0; path = GRTDatabaseManager.m; sourceTree = "<group>"; xcLanguageSpecificationIdentifier = xcode.lang.objc; };
		FEACF08214C02E98003CC962 /* Stop.h */ = {isa = PBXFileReference; fileEncoding = 4; lastKnownFileType = sourcecode.c.h; path = Stop.h; sourceTree = "<group>"; };
		FEACF08314C02E98003CC962 /* Stop.m */ = {isa = PBXFileReference; fileEncoding = 4; lastKnownFileType = sourcecode.c.objc; path = Stop.m; sourceTree = "<group>"; };
		FEACF08514C02F08003CC962 /* BusRoute.h */ = {isa = PBXFileReference; fileEncoding = 4; lastKnownFileType = sourcecode.c.h; path = BusRoute.h; sourceTree = "<group>"; };
		FEACF08614C02F08003CC962 /* BusRoute.m */ = {isa = PBXFileReference; fileEncoding = 4; lastKnownFileType = sourcecode.c.objc; path = BusRoute.m; sourceTree = "<group>"; };
		FEACF08814C02F63003CC962 /* CountDown.h */ = {isa = PBXFileReference; fileEncoding = 4; lastKnownFileType = sourcecode.c.h; path = CountDown.h; sourceTree = "<group>"; };
		FEACF08914C02F63003CC962 /* CountDown.m */ = {isa = PBXFileReference; fileEncoding = 4; lastKnownFileType = sourcecode.c.objc; path = CountDown.m; sourceTree = "<group>"; };
		FEACF08C14C08F1E003CC962 /* BusStopBaseTableViewController.h */ = {isa = PBXFileReference; fileEncoding = 4; lastKnownFileType = sourcecode.c.h; path = BusStopBaseTableViewController.h; sourceTree = "<group>"; };
		FEACF08D14C08F1E003CC962 /* BusStopBaseTableViewController.m */ = {isa = PBXFileReference; fileEncoding = 4; lastKnownFileType = sourcecode.c.objc; path = BusStopBaseTableViewController.m; sourceTree = "<group>"; };
		FEACF08E14C08F1E003CC962 /* BusStopsPullToRefreshTableViewController.h */ = {isa = PBXFileReference; fileEncoding = 4; lastKnownFileType = sourcecode.c.h; path = BusStopsPullToRefreshTableViewController.h; sourceTree = "<group>"; };
		FEACF08F14C08F1E003CC962 /* BusStopsPullToRefreshTableViewController.m */ = {isa = PBXFileReference; fileEncoding = 4; lastKnownFileType = sourcecode.c.objc; path = BusStopsPullToRefreshTableViewController.m; sourceTree = "<group>"; };
		FEACF09414C08F48003CC962 /* blackArrow.png */ = {isa = PBXFileReference; lastKnownFileType = image.png; path = blackArrow.png; sourceTree = "<group>"; };
		FEACF09514C08F48003CC962 /* blueArrow.png */ = {isa = PBXFileReference; lastKnownFileType = image.png; path = blueArrow.png; sourceTree = "<group>"; };
		FEACF09614C08F48003CC962 /* blueArrow_new.png */ = {isa = PBXFileReference; lastKnownFileType = image.png; path = blueArrow_new.png; sourceTree = "<group>"; };
		FEACF09714C08F48003CC962 /* whiteArrow.png */ = {isa = PBXFileReference; lastKnownFileType = image.png; path = whiteArrow.png; sourceTree = "<group>"; };
		FEACF09D14C08F5B003CC962 /* EGORefreshTableHeaderView.h */ = {isa = PBXFileReference; fileEncoding = 4; lastKnownFileType = sourcecode.c.h; path = EGORefreshTableHeaderView.h; sourceTree = "<group>"; };
		FEACF09E14C08F5B003CC962 /* EGORefreshTableHeaderView.m */ = {isa = PBXFileReference; fileEncoding = 4; lastKnownFileType = sourcecode.c.objc; path = EGORefreshTableHeaderView.m; sourceTree = "<group>"; };
		FEACF09F14C08F5B003CC962 /* PullToRefreshTableViewController.h */ = {isa = PBXFileReference; fileEncoding = 4; lastKnownFileType = sourcecode.c.h; path = PullToRefreshTableViewController.h; sourceTree = "<group>"; };
		FEACF0A014C08F5B003CC962 /* PullToRefreshTableViewController.m */ = {isa = PBXFileReference; fileEncoding = 4; lastKnownFileType = sourcecode.c.objc; path = PullToRefreshTableViewController.m; sourceTree = "<group>"; };
		FEACF0A414C08FA4003CC962 /* BusStopCellBaseClass.h */ = {isa = PBXFileReference; fileEncoding = 4; lastKnownFileType = sourcecode.c.h; path = BusStopCellBaseClass.h; sourceTree = "<group>"; };
		FEACF0A514C08FA4003CC962 /* BusStopCellBaseClass.m */ = {isa = PBXFileReference; fileEncoding = 4; lastKnownFileType = sourcecode.c.objc; path = BusStopCellBaseClass.m; sourceTree = "<group>"; };
		FEACF0A614C08FA4003CC962 /* OpenedBusStopCell.h */ = {isa = PBXFileReference; fileEncoding = 4; lastKnownFileType = sourcecode.c.h; path = OpenedBusStopCell.h; sourceTree = "<group>"; };
		FEACF0A714C08FA4003CC962 /* OpenedBusStopCell.m */ = {isa = PBXFileReference; fileEncoding = 4; lastKnownFileType = sourcecode.c.objc; path = OpenedBusStopCell.m; sourceTree = "<group>"; };
		FEACF0A814C08FA4003CC962 /* RouteDetailCell.h */ = {isa = PBXFileReference; fileEncoding = 4; lastKnownFileType = sourcecode.c.h; path = RouteDetailCell.h; sourceTree = "<group>"; };
		FEACF0A914C08FA4003CC962 /* RouteDetailCell.m */ = {isa = PBXFileReference; fileEncoding = 4; lastKnownFileType = sourcecode.c.objc; path = RouteDetailCell.m; sourceTree = "<group>"; };
		FEACF0AA14C08FA4003CC962 /* UnopenedBusStopCell.h */ = {isa = PBXFileReference; fileEncoding = 4; lastKnownFileType = sourcecode.c.h; path = UnopenedBusStopCell.h; sourceTree = "<group>"; };
		FEACF0AB14C08FA4003CC962 /* UnopenedBusStopCell.m */ = {isa = PBXFileReference; fileEncoding = 4; lastKnownFileType = sourcecode.c.objc; path = UnopenedBusStopCell.m; sourceTree = "<group>"; };
		FEAEBCBE14E77A02003D59FF /* icon@2x.png */ = {isa = PBXFileReference; lastKnownFileType = image.png; path = "icon@2x.png"; sourceTree = "<group>"; };
		FEAEBCC014E77A05003D59FF /* icon.png */ = {isa = PBXFileReference; lastKnownFileType = image.png; path = icon.png; sourceTree = "<group>"; };
		FEE7117114E6C683000EFE94 /* MapKit.framework */ = {isa = PBXFileReference; lastKnownFileType = wrapper.framework; name = MapKit.framework; path = System/Library/Frameworks/MapKit.framework; sourceTree = SDKROOT; };
		FEF5D83C14C89945002ABB2E /* GRTDataBase_20Jan2012.sqlite */ = {isa = PBXFileReference; lastKnownFileType = file; path = GRTDataBase_20Jan2012.sqlite; sourceTree = "<group>"; };
		FEFCC15814C9265C0037B0D9 /* star_empty_big.png */ = {isa = PBXFileReference; lastKnownFileType = image.png; path = star_empty_big.png; sourceTree = "<group>"; };
		FEFCC15914C9265C0037B0D9 /* star_empty_big@2x.png */ = {isa = PBXFileReference; lastKnownFileType = image.png; path = "star_empty_big@2x.png"; sourceTree = "<group>"; };
		FEFCC15A14C9265C0037B0D9 /* star_full_big.png */ = {isa = PBXFileReference; lastKnownFileType = image.png; path = star_full_big.png; sourceTree = "<group>"; };
		FEFCC15B14C9265C0037B0D9 /* star_full_big@2x.png */ = {isa = PBXFileReference; lastKnownFileType = image.png; path = "star_full_big@2x.png"; sourceTree = "<group>"; };
/* End PBXFileReference section */

/* Begin PBXFrameworksBuildPhase section */
		FEACF03614C027F8003CC962 /* Frameworks */ = {
			isa = PBXFrameworksBuildPhase;
			buildActionMask = 2147483647;
			files = (
				FEE7117214E6C683000EFE94 /* MapKit.framework in Frameworks */,
				FEACF06D14C02828003CC962 /* libsqlite3.0.dylib in Frameworks */,
				FEACF06B14C02819003CC962 /* QuartzCore.framework in Frameworks */,
				FEACF06914C02810003CC962 /* CoreLocation.framework in Frameworks */,
				FEACF03E14C027F8003CC962 /* UIKit.framework in Frameworks */,
				FEACF04014C027F8003CC962 /* Foundation.framework in Frameworks */,
				FEACF04214C027F8003CC962 /* CoreGraphics.framework in Frameworks */,
			);
			runOnlyForDeploymentPostprocessing = 0;
		};
/* End PBXFrameworksBuildPhase section */

/* Begin PBXGroup section */
		FE1E6A6A14CA772400730B54 /* More */ = {
			isa = PBXGroup;
			children = (
				FEACF07114C02A83003CC962 /* MoreViewController.h */,
				FEACF07214C02A83003CC962 /* MoreViewController.m */,
				FE1E6A6614CA772100730B54 /* AboutScreenViewController.h */,
				FE1E6A6714CA772100730B54 /* AboutScreenViewController.m */,
			);
			name = More;
			sourceTree = "<group>";
		};
		FE22D0B514C6888000429E91 /* FMDB */ = {
			isa = PBXGroup;
			children = (
				FE22D0B614C6888000429E91 /* FMDatabase.h */,
				FE22D0B714C6888000429E91 /* FMDatabase.m */,
				FE22D0B814C6888000429E91 /* FMDatabaseAdditions.h */,
				FE22D0B914C6888000429E91 /* FMDatabaseAdditions.m */,
				FE22D0BB14C6888000429E91 /* FMResultSet.h */,
				FE22D0BC14C6888000429E91 /* FMResultSet.m */,
			);
			name = FMDB;
			path = fmdb;
			sourceTree = "<group>";
		};
		FE23BD0F14C96CD5009154C0 /* MBProgressHUD */ = {
			isa = PBXGroup;
			children = (
				FE23BD1014C96CE5009154C0 /* MBProgressHUD.h */,
				FE23BD1114C96CE5009154C0 /* MBProgressHUD.m */,
			);
			name = MBProgressHUD;
			sourceTree = "<group>";
		};
		FEA5E8F214C13C3800DCA3A0 /* Resources */ = {
			isa = PBXGroup;
			children = (
				FEF5D83C14C89945002ABB2E /* GRTDataBase_20Jan2012.sqlite */,
				FEA5E8F414C13C3800DCA3A0 /* images */,
			);
			path = Resources;
			sourceTree = "<group>";
		};
		FEA5E8F414C13C3800DCA3A0 /* images */ = {
			isa = PBXGroup;
			children = (
				FE017AE114E21554006C6DA3 /* map.png */,
				FE017AE314E21603006C6DA3 /* map2.png */,
				FEFCC15814C9265C0037B0D9 /* star_empty_big.png */,
				FEFCC15914C9265C0037B0D9 /* star_empty_big@2x.png */,
				FEFCC15A14C9265C0037B0D9 /* star_full_big.png */,
				FEFCC15B14C9265C0037B0D9 /* star_full_big@2x.png */,
				FE53B44114C307D900FAD3D2 /* cell_bg.png */,
				FE53B44214C307D900FAD3D2 /* cell_bg@2x.png */,
				FE45732D14E25E2F000ABBC6 /* route_detail_arrow_shadow.png */,
				FE45732E14E25E2F000ABBC6 /* route_detail_arrow_shadow@2x.png */,
				FE53B44C14C30E3D00FAD3D2 /* route_detail_arrow.png */,
				FE45732814E25952000ABBC6 /* route_detail_bg_shadow.png */,
				FE53B44D14C30E3D00FAD3D2 /* route_detail_bg.png */,
				FEA5E8F514C13C3800DCA3A0 /* btnBus_64x64.png */,
				FEA5E8F614C13C3800DCA3A0 /* btnBus_original.psd */,
				FE23BD1914C9B41A009154C0 /* Default.png */,
				FE23BD1A14C9B41A009154C0 /* Default@2x.png */,
				FE45733514E27653000ABBC6 /* welcomeHint.png */,
				FE45733614E27654000ABBC6 /* welcomeHint@2x.png */,
				FE4AF26E14E2FC80008E21B4 /* welcomeHint_chinese.png */,
				FE4AF26F14E2FC80008E21B4 /* welcomeHint_chinese@2x.png */,
				FEA5E8F814C13C3800DCA3A0 /* star_grey.png */,
				FEA5E8F914C13C3800DCA3A0 /* star_yellow.png */,
			);
			path = images;
			sourceTree = "<group>";
		};
		FEACF02E14C027F8003CC962 = {
			isa = PBXGroup;
			children = (
				FEAEBCC014E77A05003D59FF /* icon.png */,
				FEAEBCBE14E77A02003D59FF /* icon@2x.png */,
				FEE7117114E6C683000EFE94 /* MapKit.framework */,
				FEACF04314C027F8003CC962 /* NextGRT */,
				FEACF03C14C027F8003CC962 /* Frameworks */,
				FEACF03A14C027F8003CC962 /* Products */,
			);
			sourceTree = "<group>";
		};
		FEACF03A14C027F8003CC962 /* Products */ = {
			isa = PBXGroup;
			children = (
				FEACF03914C027F8003CC962 /* NextGRT.app */,
			);
			name = Products;
			sourceTree = "<group>";
		};
		FEACF03C14C027F8003CC962 /* Frameworks */ = {
			isa = PBXGroup;
			children = (
				FEACF06C14C02828003CC962 /* libsqlite3.0.dylib */,
				FEACF06A14C02819003CC962 /* QuartzCore.framework */,
				FEACF06814C02810003CC962 /* CoreLocation.framework */,
				FEACF03D14C027F8003CC962 /* UIKit.framework */,
				FEACF03F14C027F8003CC962 /* Foundation.framework */,
				FEACF04114C027F8003CC962 /* CoreGraphics.framework */,
			);
			name = Frameworks;
			sourceTree = "<group>";
		};
		FEACF04314C027F8003CC962 /* NextGRT */ = {
			isa = PBXGroup;
			children = (
				FE12D57214E4FB1E00AAA725 /* MarqueeLabel.h */,
				FE12D57314E4FB1F00AAA725 /* MarqueeLabel.m */,
				FE23BD0F14C96CD5009154C0 /* MBProgressHUD */,
				FE22D0B514C6888000429E91 /* FMDB */,
				FEACF09214C08F27003CC962 /* EGOTableViewController */,
				FEACF08B14C08F0A003CC962 /* BusStopTableViewController */,
				FEACF0A314C08F7F003CC962 /* BusStopCells */,
				FEACF08114C02E85003CC962 /* Model */,
				FEACF07A14C02DB7003CC962 /* Singleton Managers */,
				FEACF04C14C027F8003CC962 /* AppDelegate.h */,
				FEACF04D14C027F8003CC962 /* AppDelegate.m */,
				FEACF04F14C027F8003CC962 /* FavouritesViewController.h */,
				FEACF05014C027F8003CC962 /* FavouritesViewController.m */,
				FEACF05614C027F8003CC962 /* SearchViewController.h */,
				FEACF05714C027F8003CC962 /* SearchViewController.m */,
				FE1E6A6A14CA772400730B54 /* More */,
				FEACF05D14C027F8003CC962 /* FavouritesViewController.xib */,
				FEACF06014C027F8003CC962 /* SearchViewController.xib */,
				FEACF07814C02A91003CC962 /* MoreViewController.xib */,
				FE1E6A6F14CA776200730B54 /* AboutScreenViewController.xib */,
				FEA5E8F214C13C3800DCA3A0 /* Resources */,
				FEACF04414C027F8003CC962 /* Supporting Files */,
			);
			path = NextGRT;
			sourceTree = "<group>";
		};
		FEACF04414C027F8003CC962 /* Supporting Files */ = {
			isa = PBXGroup;
			children = (
				FE97911E14E2CD3400A6B34C /* NextGRT-Prefix.pch */,
				FEACF04514C027F8003CC962 /* NextGRT-Info.plist */,
				FEACF04614C027F8003CC962 /* InfoPlist.strings */,
				FEACF04914C027F8003CC962 /* main.m */,
				FE45733D14E27F19000ABBC6 /* Localizable.strings */,
			);
			name = "Supporting Files";
			sourceTree = "<group>";
		};
		FEACF07A14C02DB7003CC962 /* Singleton Managers */ = {
			isa = PBXGroup;
			children = (
				FEACF07B14C02DDF003CC962 /* FavouriteStopsCentralManager.h */,
				FEACF07C14C02DDF003CC962 /* FavouriteStopsCentralManager.m */,
				FEACF07D14C02DDF003CC962 /* GRTDatabaseManager.h */,
				FEACF07E14C02DDF003CC962 /* GRTDatabaseManager.m */,
			);
			name = "Singleton Managers";
			sourceTree = "<group>";
		};
		FEACF08114C02E85003CC962 /* Model */ = {
			isa = PBXGroup;
			children = (
				FEACF08214C02E98003CC962 /* Stop.h */,
				FEACF08314C02E98003CC962 /* Stop.m */,
				FEACF08514C02F08003CC962 /* BusRoute.h */,
				FEACF08614C02F08003CC962 /* BusRoute.m */,
				FEACF08814C02F63003CC962 /* CountDown.h */,
				FEACF08914C02F63003CC962 /* CountDown.m */,
			);
			name = Model;
			sourceTree = "<group>";
		};
		FEACF08B14C08F0A003CC962 /* BusStopTableViewController */ = {
			isa = PBXGroup;
			children = (
				FEACF08C14C08F1E003CC962 /* BusStopBaseTableViewController.h */,
				FEACF08D14C08F1E003CC962 /* BusStopBaseTableViewController.m */,
				FEACF08E14C08F1E003CC962 /* BusStopsPullToRefreshTableViewController.h */,
				FEACF08F14C08F1E003CC962 /* BusStopsPullToRefreshTableViewController.m */,
			);
			name = BusStopTableViewController;
			sourceTree = "<group>";
		};
		FEACF09214C08F27003CC962 /* EGOTableViewController */ = {
			isa = PBXGroup;
			children = (
				FEACF09C14C08F5B003CC962 /* EGOTableViewPullRefresh-ClassesControllers */,
				FEACF09314C08F48003CC962 /* EGOTableViewPullRefresh-Resources */,
			);
			name = EGOTableViewController;
			sourceTree = "<group>";
		};
		FEACF09314C08F48003CC962 /* EGOTableViewPullRefresh-Resources */ = {
			isa = PBXGroup;
			children = (
				FEACF09414C08F48003CC962 /* blackArrow.png */,
				FEACF09514C08F48003CC962 /* blueArrow.png */,
				FEACF09614C08F48003CC962 /* blueArrow_new.png */,
				FEACF09714C08F48003CC962 /* whiteArrow.png */,
			);
			path = "EGOTableViewPullRefresh-Resources";
			sourceTree = "<group>";
		};
		FEACF09C14C08F5B003CC962 /* EGOTableViewPullRefresh-ClassesControllers */ = {
			isa = PBXGroup;
			children = (
				FEACF09D14C08F5B003CC962 /* EGORefreshTableHeaderView.h */,
				FEACF09E14C08F5B003CC962 /* EGORefreshTableHeaderView.m */,
				FEACF09F14C08F5B003CC962 /* PullToRefreshTableViewController.h */,
				FEACF0A014C08F5B003CC962 /* PullToRefreshTableViewController.m */,
			);
			path = "EGOTableViewPullRefresh-ClassesControllers";
			sourceTree = "<group>";
		};
		FEACF0A314C08F7F003CC962 /* BusStopCells */ = {
			isa = PBXGroup;
			children = (
				FEACF0A414C08FA4003CC962 /* BusStopCellBaseClass.h */,
				FEACF0A514C08FA4003CC962 /* BusStopCellBaseClass.m */,
				FEACF0A614C08FA4003CC962 /* OpenedBusStopCell.h */,
				FEACF0A714C08FA4003CC962 /* OpenedBusStopCell.m */,
				FEACF0A814C08FA4003CC962 /* RouteDetailCell.h */,
				FEACF0A914C08FA4003CC962 /* RouteDetailCell.m */,
				FEACF0AA14C08FA4003CC962 /* UnopenedBusStopCell.h */,
				FEACF0AB14C08FA4003CC962 /* UnopenedBusStopCell.m */,
			);
			name = BusStopCells;
			sourceTree = "<group>";
		};
/* End PBXGroup section */

/* Begin PBXNativeTarget section */
		FEACF03814C027F8003CC962 /* NextGRT */ = {
			isa = PBXNativeTarget;
			buildConfigurationList = FEACF06514C027F8003CC962 /* Build configuration list for PBXNativeTarget "NextGRT" */;
			buildPhases = (
				FEACF03514C027F8003CC962 /* Sources */,
				FEACF03614C027F8003CC962 /* Frameworks */,
				FEACF03714C027F8003CC962 /* Resources */,
			);
			buildRules = (
			);
			dependencies = (
			);
			name = NextGRT;
			productName = NextGRT;
			productReference = FEACF03914C027F8003CC962 /* NextGRT.app */;
			productType = "com.apple.product-type.application";
		};
/* End PBXNativeTarget section */

/* Begin PBXProject section */
		FEACF03014C027F8003CC962 /* Project object */ = {
			isa = PBXProject;
			attributes = {
				LastUpgradeCheck = 0420;
			};
			buildConfigurationList = FEACF03314C027F8003CC962 /* Build configuration list for PBXProject "NextGRT" */;
			compatibilityVersion = "Xcode 3.2";
			developmentRegion = English;
			hasScannedForEncodings = 0;
			knownRegions = (
				en,
				"zh-Hans",
			);
			mainGroup = FEACF02E14C027F8003CC962;
			productRefGroup = FEACF03A14C027F8003CC962 /* Products */;
			projectDirPath = "";
			projectRoot = "";
			targets = (
				FEACF03814C027F8003CC962 /* NextGRT */,
			);
		};
/* End PBXProject section */

/* Begin PBXResourcesBuildPhase section */
		FEACF03714C027F8003CC962 /* Resources */ = {
			isa = PBXResourcesBuildPhase;
			buildActionMask = 2147483647;
			files = (
				FEACF04814C027F8003CC962 /* InfoPlist.strings in Resources */,
				FEACF05F14C027F8003CC962 /* FavouritesViewController.xib in Resources */,
				FEACF06214C027F8003CC962 /* SearchViewController.xib in Resources */,
				FEACF07614C02A91003CC962 /* MoreViewController.xib in Resources */,
				FEACF09814C08F48003CC962 /* blackArrow.png in Resources */,
				FEACF09914C08F49003CC962 /* blueArrow.png in Resources */,
				FEACF09A14C08F49003CC962 /* blueArrow_new.png in Resources */,
				FEACF09B14C08F49003CC962 /* whiteArrow.png in Resources */,
				FEA5E8FB14C13C3800DCA3A0 /* btnBus_64x64.png in Resources */,
				FEA5E8FC14C13C3800DCA3A0 /* btnBus_original.psd in Resources */,
				FEA5E8FE14C13C3800DCA3A0 /* star_grey.png in Resources */,
				FEA5E8FF14C13C3800DCA3A0 /* star_yellow.png in Resources */,
				FE53B44314C307D900FAD3D2 /* cell_bg.png in Resources */,
				FE53B44414C307D900FAD3D2 /* cell_bg@2x.png in Resources */,
				FE53B44E14C30E3D00FAD3D2 /* route_detail_arrow.png in Resources */,
				FE53B44F14C30E3D00FAD3D2 /* route_detail_bg.png in Resources */,
				FEF5D83D14C89945002ABB2E /* GRTDataBase_20Jan2012.sqlite in Resources */,
				FEFCC15C14C9265C0037B0D9 /* star_empty_big.png in Resources */,
				FEFCC15D14C9265C0037B0D9 /* star_empty_big@2x.png in Resources */,
				FEFCC15E14C9265C0037B0D9 /* star_full_big.png in Resources */,
				FEFCC15F14C9265C0037B0D9 /* star_full_big@2x.png in Resources */,
				FE23BD1B14C9B41B009154C0 /* Default.png in Resources */,
				FE23BD1C14C9B41B009154C0 /* Default@2x.png in Resources */,
				FE1E6A6D14CA776200730B54 /* AboutScreenViewController.xib in Resources */,
				FE017AE214E21555006C6DA3 /* map.png in Resources */,
				FE017AE414E21603006C6DA3 /* map2.png in Resources */,
				FE45732914E25952000ABBC6 /* route_detail_bg_shadow.png in Resources */,
				FE45732F14E25E30000ABBC6 /* route_detail_arrow_shadow.png in Resources */,
				FE45733014E25E30000ABBC6 /* route_detail_arrow_shadow@2x.png in Resources */,
				FE45733714E27654000ABBC6 /* welcomeHint.png in Resources */,
				FE45733814E27654000ABBC6 /* welcomeHint@2x.png in Resources */,
				FE45733B14E27F19000ABBC6 /* Localizable.strings in Resources */,
				FE4AF27014E2FC80008E21B4 /* welcomeHint_chinese.png in Resources */,
				FE4AF27114E2FC80008E21B4 /* welcomeHint_chinese@2x.png in Resources */,
				FEAEBCBF14E77A02003D59FF /* icon@2x.png in Resources */,
				FEAEBCC114E77A05003D59FF /* icon.png in Resources */,
			);
			runOnlyForDeploymentPostprocessing = 0;
		};
/* End PBXResourcesBuildPhase section */

/* Begin PBXSourcesBuildPhase section */
		FEACF03514C027F8003CC962 /* Sources */ = {
			isa = PBXSourcesBuildPhase;
			buildActionMask = 2147483647;
			files = (
				FEACF04A14C027F8003CC962 /* main.m in Sources */,
				FEACF04E14C027F8003CC962 /* AppDelegate.m in Sources */,
				FEACF05114C027F8003CC962 /* FavouritesViewController.m in Sources */,
				FEACF05814C027F8003CC962 /* SearchViewController.m in Sources */,
				FEACF07414C02A83003CC962 /* MoreViewController.m in Sources */,
				FEACF07F14C02DDF003CC962 /* FavouriteStopsCentralManager.m in Sources */,
				FEACF08014C02DDF003CC962 /* GRTDatabaseManager.m in Sources */,
				FEACF08414C02E98003CC962 /* Stop.m in Sources */,
				FEACF08714C02F08003CC962 /* BusRoute.m in Sources */,
				FEACF08A14C02F63003CC962 /* CountDown.m in Sources */,
				FEACF09014C08F1E003CC962 /* BusStopBaseTableViewController.m in Sources */,
				FEACF09114C08F1E003CC962 /* BusStopsPullToRefreshTableViewController.m in Sources */,
				FEACF0A114C08F5B003CC962 /* EGORefreshTableHeaderView.m in Sources */,
				FEACF0A214C08F5B003CC962 /* PullToRefreshTableViewController.m in Sources */,
				FEACF0AC14C08FA4003CC962 /* BusStopCellBaseClass.m in Sources */,
				FEACF0AD14C08FA4003CC962 /* OpenedBusStopCell.m in Sources */,
				FEACF0AE14C08FA4003CC962 /* RouteDetailCell.m in Sources */,
				FEACF0AF14C08FA4003CC962 /* UnopenedBusStopCell.m in Sources */,
				FE22D0BD14C6888000429E91 /* FMDatabase.m in Sources */,
				FE22D0BE14C6888000429E91 /* FMDatabaseAdditions.m in Sources */,
				FE22D0C014C6888000429E91 /* FMResultSet.m in Sources */,
				FE23BD1214C96CE5009154C0 /* MBProgressHUD.m in Sources */,
				FE1E6A6814CA772100730B54 /* AboutScreenViewController.m in Sources */,
				FE12D57414E4FB1F00AAA725 /* MarqueeLabel.m in Sources */,
			);
			runOnlyForDeploymentPostprocessing = 0;
		};
/* End PBXSourcesBuildPhase section */

/* Begin PBXVariantGroup section */
		FE1E6A6F14CA776200730B54 /* AboutScreenViewController.xib */ = {
			isa = PBXVariantGroup;
			children = (
				FE1E6A6E14CA776200730B54 /* en */,
				FE1E6A7014CA776900730B54 /* zh-Hans */,
			);
			name = AboutScreenViewController.xib;
			sourceTree = "<group>";
		};
		FE45733D14E27F19000ABBC6 /* Localizable.strings */ = {
			isa = PBXVariantGroup;
			children = (
				FE45733C14E27F19000ABBC6 /* en */,
				FE45733E14E27FE8000ABBC6 /* zh-Hans */,
			);
			name = Localizable.strings;
			sourceTree = "<group>";
		};
		FEACF04614C027F8003CC962 /* InfoPlist.strings */ = {
			isa = PBXVariantGroup;
			children = (
				FEACF04714C027F8003CC962 /* en */,
				FEACF06F14C02960003CC962 /* zh-Hans */,
			);
			name = InfoPlist.strings;
			sourceTree = "<group>";
		};
		FEACF05D14C027F8003CC962 /* FavouritesViewController.xib */ = {
			isa = PBXVariantGroup;
			children = (
				FEACF05E14C027F8003CC962 /* en */,
				FEACF06E14C02960003CC962 /* zh-Hans */,
			);
			name = FavouritesViewController.xib;
			sourceTree = "<group>";
		};
		FEACF06014C027F8003CC962 /* SearchViewController.xib */ = {
			isa = PBXVariantGroup;
			children = (
				FEACF06114C027F8003CC962 /* en */,
				FEACF07014C02960003CC962 /* zh-Hans */,
			);
			name = SearchViewController.xib;
			sourceTree = "<group>";
		};
		FEACF07814C02A91003CC962 /* MoreViewController.xib */ = {
			isa = PBXVariantGroup;
			children = (
				FEACF07714C02A91003CC962 /* en */,
				FEACF07914C02A99003CC962 /* zh-Hans */,
			);
			name = MoreViewController.xib;
			sourceTree = "<group>";
		};
/* End PBXVariantGroup section */

/* Begin XCBuildConfiguration section */
		FEACF06314C027F8003CC962 /* Debug */ = {
			isa = XCBuildConfiguration;
			buildSettings = {
				ALWAYS_SEARCH_USER_PATHS = NO;
				ARCHS = (
					"$(ARCHS_STANDARD_32_BIT)",
					armv6,
				);
				CLANG_ENABLE_OBJC_ARC = YES;
				"CODE_SIGN_IDENTITY[sdk=iphoneos*]" = "iPhone Developer";
				COPY_PHASE_STRIP = NO;
				GCC_C_LANGUAGE_STANDARD = gnu99;
				GCC_DYNAMIC_NO_PIC = NO;
				GCC_OPTIMIZATION_LEVEL = 0;
				GCC_PREPROCESSOR_DEFINITIONS = (
					"DEBUG=1",
					"$(inherited)",
				);
				GCC_SYMBOLS_PRIVATE_EXTERN = NO;
				GCC_VERSION = com.apple.compilers.llvm.clang.1_0;
				GCC_WARN_ABOUT_MISSING_PROTOTYPES = YES;
				GCC_WARN_ABOUT_RETURN_TYPE = YES;
				GCC_WARN_UNUSED_VARIABLE = YES;
				IPHONEOS_DEPLOYMENT_TARGET = 4.0;
				SDKROOT = iphoneos;
			};
			name = Debug;
		};
		FEACF06414C027F8003CC962 /* Release */ = {
			isa = XCBuildConfiguration;
			buildSettings = {
				ALWAYS_SEARCH_USER_PATHS = NO;
				ARCHS = (
					"$(ARCHS_STANDARD_32_BIT)",
					armv6,
				);
				CLANG_ENABLE_OBJC_ARC = YES;
				"CODE_SIGN_IDENTITY[sdk=iphoneos*]" = "iPhone Developer";
				COPY_PHASE_STRIP = YES;
				GCC_C_LANGUAGE_STANDARD = gnu99;
				GCC_VERSION = com.apple.compilers.llvm.clang.1_0;
				GCC_WARN_ABOUT_MISSING_PROTOTYPES = YES;
				GCC_WARN_ABOUT_RETURN_TYPE = YES;
				GCC_WARN_UNUSED_VARIABLE = YES;
				IPHONEOS_DEPLOYMENT_TARGET = 4.0;
				OTHER_CFLAGS = "-DNS_BLOCK_ASSERTIONS=1";
				SDKROOT = iphoneos;
				VALIDATE_PRODUCT = YES;
			};
			name = Release;
		};
		FEACF06614C027F8003CC962 /* Debug */ = {
			isa = XCBuildConfiguration;
			buildSettings = {
				CODE_SIGN_IDENTITY = "iPhone Developer: Derek Li (Q8S9C62V92)";
				"CODE_SIGN_IDENTITY[sdk=iphoneos*]" = "iPhone Developer: Derek Li (Q8S9C62V92)";
				GCC_PRECOMPILE_PREFIX_HEADER = YES;
				GCC_PREFIX_HEADER = "NextGRT/NextGRT-Prefix.pch";
				INFOPLIST_FILE = "NextGRT/NextGRT-Info.plist";
				IPHONEOS_DEPLOYMENT_TARGET = 4.0;
				PRODUCT_NAME = "$(TARGET_NAME)";
				PROVISIONING_PROFILE = "77B80C28-0F72-488B-9461-3C4B42002288";
				"PROVISIONING_PROFILE[sdk=iphoneos*]" = "734F38F8-0EA6-4D97-98E2-8364B9CD312D";
				WRAPPER_EXTENSION = app;
			};
			name = Debug;
		};
		FEACF06714C027F8003CC962 /* Release */ = {
			isa = XCBuildConfiguration;
			buildSettings = {
				ARCHS = (
					armv6,
					"$(ARCHS_STANDARD_32_BIT)",
				);
				GCC_PRECOMPILE_PREFIX_HEADER = YES;
				GCC_PREFIX_HEADER = "NextGRT/NextGRT-Prefix.pch";
				INFOPLIST_FILE = "NextGRT/NextGRT-Info.plist";
				IPHONEOS_DEPLOYMENT_TARGET = 4.0;
				PRODUCT_NAME = "$(TARGET_NAME)";
				WRAPPER_EXTENSION = app;
			};
			name = Release;
		};
/* End XCBuildConfiguration section */

/* Begin XCConfigurationList section */
		FEACF03314C027F8003CC962 /* Build configuration list for PBXProject "NextGRT" */ = {
			isa = XCConfigurationList;
			buildConfigurations = (
				FEACF06314C027F8003CC962 /* Debug */,
				FEACF06414C027F8003CC962 /* Release */,
			);
			defaultConfigurationIsVisible = 0;
			defaultConfigurationName = Release;
		};
		FEACF06514C027F8003CC962 /* Build configuration list for PBXNativeTarget "NextGRT" */ = {
			isa = XCConfigurationList;
			buildConfigurations = (
				FEACF06614C027F8003CC962 /* Debug */,
				FEACF06714C027F8003CC962 /* Release */,
			);
			defaultConfigurationIsVisible = 0;
			defaultConfigurationName = Release;
		};
/* End XCConfigurationList section */
	};
	rootObject = FEACF03014C027F8003CC962 /* Project object */;
}
