// !$*UTF8*$!
{
	archiveVersion = 1;
	classes = {
	};
	objectVersion = 46;
	objects = {

/* Begin PBXBuildFile section */
		FEACF03E14C027F8003CC962 /* UIKit.framework in Frameworks */ = {isa = PBXBuildFile; fileRef = FEACF03D14C027F8003CC962 /* UIKit.framework */; };
		FEACF04014C027F8003CC962 /* Foundation.framework in Frameworks */ = {isa = PBXBuildFile; fileRef = FEACF03F14C027F8003CC962 /* Foundation.framework */; };
		FEACF04214C027F8003CC962 /* CoreGraphics.framework in Frameworks */ = {isa = PBXBuildFile; fileRef = FEACF04114C027F8003CC962 /* CoreGraphics.framework */; };
		FEACF04814C027F8003CC962 /* InfoPlist.strings in Resources */ = {isa = PBXBuildFile; fileRef = FEACF04614C027F8003CC962 /* InfoPlist.strings */; };
		FEACF04A14C027F8003CC962 /* main.m in Sources */ = {isa = PBXBuildFile; fileRef = FEACF04914C027F8003CC962 /* main.m */; };
		FEACF04E14C027F8003CC962 /* AppDelegate.m in Sources */ = {isa = PBXBuildFile; fileRef = FEACF04D14C027F8003CC962 /* AppDelegate.m */; };
		FEACF05114C027F8003CC962 /* FavouritesViewController.m in Sources */ = {isa = PBXBuildFile; fileRef = FEACF05014C027F8003CC962 /* FavouritesViewController.m */; };
		FEACF05814C027F8003CC962 /* SearchViewController.m in Sources */ = {isa = PBXBuildFile; fileRef = FEACF05714C027F8003CC962 /* SearchViewController.m */; };
		FEACF05F14C027F8003CC962 /* FavouritesViewController.xib in Resources */ = {isa = PBXBuildFile; fileRef = FEACF05D14C027F8003CC962 /* FavouritesViewController.xib */; };
		FEACF06214C027F8003CC962 /* SearchViewController.xib in Resources */ = {isa = PBXBuildFile; fileRef = FEACF06014C027F8003CC962 /* SearchViewController.xib */; };
		FEACF06914C02810003CC962 /* CoreLocation.framework in Frameworks */ = {isa = PBXBuildFile; fileRef = FEACF06814C02810003CC962 /* CoreLocation.framework */; };
		FEACF06B14C02819003CC962 /* QuartzCore.framework in Frameworks */ = {isa = PBXBuildFile; fileRef = FEACF06A14C02819003CC962 /* QuartzCore.framework */; };
		FEACF06D14C02828003CC962 /* libsqlite3.0.dylib in Frameworks */ = {isa = PBXBuildFile; fileRef = FEACF06C14C02828003CC962 /* libsqlite3.0.dylib */; };
		FEACF07414C02A83003CC962 /* MoreViewController.m in Sources */ = {isa = PBXBuildFile; fileRef = FEACF07214C02A83003CC962 /* MoreViewController.m */; };
		FEACF07614C02A91003CC962 /* MoreViewController.xib in Resources */ = {isa = PBXBuildFile; fileRef = FEACF07814C02A91003CC962 /* MoreViewController.xib */; };
		FEACF07F14C02DDF003CC962 /* FavouriteStopsCentralManager.m in Sources */ = {isa = PBXBuildFile; fileRef = FEACF07C14C02DDF003CC962 /* FavouriteStopsCentralManager.m */; };
		FEACF08014C02DDF003CC962 /* GRTDatabaseManager.m in Sources */ = {isa = PBXBuildFile; fileRef = FEACF07E14C02DDF003CC962 /* GRTDatabaseManager.m */; };
		FEACF08414C02E98003CC962 /* Stop.m in Sources */ = {isa = PBXBuildFile; fileRef = FEACF08314C02E98003CC962 /* Stop.m */; };
		FEACF08714C02F08003CC962 /* BusRoute.m in Sources */ = {isa = PBXBuildFile; fileRef = FEACF08614C02F08003CC962 /* BusRoute.m */; };
		FEACF08A14C02F63003CC962 /* CountDown.m in Sources */ = {isa = PBXBuildFile; fileRef = FEACF08914C02F63003CC962 /* CountDown.m */; };
/* End PBXBuildFile section */

/* Begin PBXFileReference section */
		FEACF03914C027F8003CC962 /* NextGRT.app */ = {isa = PBXFileReference; explicitFileType = wrapper.application; includeInIndex = 0; path = NextGRT.app; sourceTree = BUILT_PRODUCTS_DIR; };
		FEACF03D14C027F8003CC962 /* UIKit.framework */ = {isa = PBXFileReference; lastKnownFileType = wrapper.framework; name = UIKit.framework; path = System/Library/Frameworks/UIKit.framework; sourceTree = SDKROOT; };
		FEACF03F14C027F8003CC962 /* Foundation.framework */ = {isa = PBXFileReference; lastKnownFileType = wrapper.framework; name = Foundation.framework; path = System/Library/Frameworks/Foundation.framework; sourceTree = SDKROOT; };
		FEACF04114C027F8003CC962 /* CoreGraphics.framework */ = {isa = PBXFileReference; lastKnownFileType = wrapper.framework; name = CoreGraphics.framework; path = System/Library/Frameworks/CoreGraphics.framework; sourceTree = SDKROOT; };
		FEACF04514C027F8003CC962 /* NextGRT-Info.plist */ = {isa = PBXFileReference; lastKnownFileType = text.plist.xml; path = "NextGRT-Info.plist"; sourceTree = "<group>"; };
		FEACF04714C027F8003CC962 /* en */ = {isa = PBXFileReference; lastKnownFileType = text.plist.strings; name = en; path = en.lproj/InfoPlist.strings; sourceTree = "<group>"; };
		FEACF04914C027F8003CC962 /* main.m */ = {isa = PBXFileReference; lastKnownFileType = sourcecode.c.objc; path = main.m; sourceTree = "<group>"; };
		FEACF04B14C027F8003CC962 /* NextGRT-Prefix.pch */ = {isa = PBXFileReference; lastKnownFileType = sourcecode.c.h; path = "NextGRT-Prefix.pch"; sourceTree = "<group>"; };
		FEACF04C14C027F8003CC962 /* AppDelegate.h */ = {isa = PBXFileReference; lastKnownFileType = sourcecode.c.h; path = AppDelegate.h; sourceTree = "<group>"; };
		FEACF04D14C027F8003CC962 /* AppDelegate.m */ = {isa = PBXFileReference; lastKnownFileType = sourcecode.c.objc; path = AppDelegate.m; sourceTree = "<group>"; };
		FEACF04F14C027F8003CC962 /* FavouritesViewController.h */ = {isa = PBXFileReference; lastKnownFileType = sourcecode.c.h; path = FavouritesViewController.h; sourceTree = "<group>"; };
		FEACF05014C027F8003CC962 /* FavouritesViewController.m */ = {isa = PBXFileReference; lastKnownFileType = sourcecode.c.objc; path = FavouritesViewController.m; sourceTree = "<group>"; };
		FEACF05614C027F8003CC962 /* SearchViewController.h */ = {isa = PBXFileReference; lastKnownFileType = sourcecode.c.h; path = SearchViewController.h; sourceTree = "<group>"; };
		FEACF05714C027F8003CC962 /* SearchViewController.m */ = {isa = PBXFileReference; lastKnownFileType = sourcecode.c.objc; path = SearchViewController.m; sourceTree = "<group>"; };
		FEACF05E14C027F8003CC962 /* en */ = {isa = PBXFileReference; lastKnownFileType = file.xib; name = en; path = en.lproj/FavouritesViewController.xib; sourceTree = "<group>"; };
		FEACF06114C027F8003CC962 /* en */ = {isa = PBXFileReference; lastKnownFileType = file.xib; name = en; path = en.lproj/SearchViewController.xib; sourceTree = "<group>"; };
		FEACF06814C02810003CC962 /* CoreLocation.framework */ = {isa = PBXFileReference; lastKnownFileType = wrapper.framework; name = CoreLocation.framework; path = System/Library/Frameworks/CoreLocation.framework; sourceTree = SDKROOT; };
		FEACF06A14C02819003CC962 /* QuartzCore.framework */ = {isa = PBXFileReference; lastKnownFileType = wrapper.framework; name = QuartzCore.framework; path = System/Library/Frameworks/QuartzCore.framework; sourceTree = SDKROOT; };
		FEACF06C14C02828003CC962 /* libsqlite3.0.dylib */ = {isa = PBXFileReference; lastKnownFileType = "compiled.mach-o.dylib"; name = libsqlite3.0.dylib; path = usr/lib/libsqlite3.0.dylib; sourceTree = SDKROOT; };
		FEACF06E14C02960003CC962 /* zh-Hans */ = {isa = PBXFileReference; lastKnownFileType = file.xib; name = "zh-Hans"; path = "/Users/elton/Documents/workspace/NextGRT/NextGRT/zh-Hans.lproj/FavouritesViewController.xib"; sourceTree = "<absolute>"; };
		FEACF06F14C02960003CC962 /* zh-Hans */ = {isa = PBXFileReference; lastKnownFileType = text.plist.strings; name = "zh-Hans"; path = "/Users/elton/Documents/workspace/NextGRT/NextGRT/zh-Hans.lproj/InfoPlist.strings"; sourceTree = "<absolute>"; };
		FEACF07014C02960003CC962 /* zh-Hans */ = {isa = PBXFileReference; lastKnownFileType = file.xib; name = "zh-Hans"; path = "/Users/elton/Documents/workspace/NextGRT/NextGRT/zh-Hans.lproj/SearchViewController.xib"; sourceTree = "<absolute>"; };
		FEACF07114C02A83003CC962 /* MoreViewController.h */ = {isa = PBXFileReference; fileEncoding = 4; lastKnownFileType = sourcecode.c.h; path = MoreViewController.h; sourceTree = "<group>"; };
		FEACF07214C02A83003CC962 /* MoreViewController.m */ = {isa = PBXFileReference; fileEncoding = 4; lastKnownFileType = sourcecode.c.objc; path = MoreViewController.m; sourceTree = "<group>"; };
		FEACF07714C02A91003CC962 /* en */ = {isa = PBXFileReference; lastKnownFileType = file.xib; name = en; path = en.lproj/MoreViewController.xib; sourceTree = "<group>"; };
		FEACF07914C02A99003CC962 /* zh-Hans */ = {isa = PBXFileReference; lastKnownFileType = file.xib; name = "zh-Hans"; path = "zh-Hans.lproj/MoreViewController.xib"; sourceTree = "<group>"; };
		FEACF07B14C02DDF003CC962 /* FavouriteStopsCentralManager.h */ = {isa = PBXFileReference; fileEncoding = 4; lastKnownFileType = sourcecode.c.h; path = FavouriteStopsCentralManager.h; sourceTree = "<group>"; };
		FEACF07C14C02DDF003CC962 /* FavouriteStopsCentralManager.m */ = {isa = PBXFileReference; fileEncoding = 4; lastKnownFileType = sourcecode.c.objc; path = FavouriteStopsCentralManager.m; sourceTree = "<group>"; };
		FEACF07D14C02DDF003CC962 /* GRTDatabaseManager.h */ = {isa = PBXFileReference; fileEncoding = 4; lastKnownFileType = sourcecode.c.h; path = GRTDatabaseManager.h; sourceTree = "<group>"; };
		FEACF07E14C02DDF003CC962 /* GRTDatabaseManager.m */ = {isa = PBXFileReference; fileEncoding = 4; lastKnownFileType = sourcecode.c.objc; path = GRTDatabaseManager.m; sourceTree = "<group>"; };
		FEACF08214C02E98003CC962 /* Stop.h */ = {isa = PBXFileReference; fileEncoding = 4; lastKnownFileType = sourcecode.c.h; path = Stop.h; sourceTree = "<group>"; };
		FEACF08314C02E98003CC962 /* Stop.m */ = {isa = PBXFileReference; fileEncoding = 4; lastKnownFileType = sourcecode.c.objc; path = Stop.m; sourceTree = "<group>"; };
		FEACF08514C02F08003CC962 /* BusRoute.h */ = {isa = PBXFileReference; fileEncoding = 4; lastKnownFileType = sourcecode.c.h; path = BusRoute.h; sourceTree = "<group>"; };
		FEACF08614C02F08003CC962 /* BusRoute.m */ = {isa = PBXFileReference; fileEncoding = 4; lastKnownFileType = sourcecode.c.objc; path = BusRoute.m; sourceTree = "<group>"; };
		FEACF08814C02F63003CC962 /* CountDown.h */ = {isa = PBXFileReference; fileEncoding = 4; lastKnownFileType = sourcecode.c.h; path = CountDown.h; sourceTree = "<group>"; };
		FEACF08914C02F63003CC962 /* CountDown.m */ = {isa = PBXFileReference; fileEncoding = 4; lastKnownFileType = sourcecode.c.objc; path = CountDown.m; sourceTree = "<group>"; };
/* End PBXFileReference section */

/* Begin PBXFrameworksBuildPhase section */
		FEACF03614C027F8003CC962 /* Frameworks */ = {
			isa = PBXFrameworksBuildPhase;
			buildActionMask = 2147483647;
			files = (
				FEACF06D14C02828003CC962 /* libsqlite3.0.dylib in Frameworks */,
				FEACF06B14C02819003CC962 /* QuartzCore.framework in Frameworks */,
				FEACF06914C02810003CC962 /* CoreLocation.framework in Frameworks */,
				FEACF03E14C027F8003CC962 /* UIKit.framework in Frameworks */,
				FEACF04014C027F8003CC962 /* Foundation.framework in Frameworks */,
				FEACF04214C027F8003CC962 /* CoreGraphics.framework in Frameworks */,
			);
			runOnlyForDeploymentPostprocessing = 0;
		};
/* End PBXFrameworksBuildPhase section */

/* Begin PBXGroup section */
		FEACF02E14C027F8003CC962 = {
			isa = PBXGroup;
			children = (
				FEACF04314C027F8003CC962 /* NextGRT */,
				FEACF03C14C027F8003CC962 /* Frameworks */,
				FEACF03A14C027F8003CC962 /* Products */,
			);
			sourceTree = "<group>";
		};
		FEACF03A14C027F8003CC962 /* Products */ = {
			isa = PBXGroup;
			children = (
				FEACF03914C027F8003CC962 /* NextGRT.app */,
			);
			name = Products;
			sourceTree = "<group>";
		};
		FEACF03C14C027F8003CC962 /* Frameworks */ = {
			isa = PBXGroup;
			children = (
				FEACF06C14C02828003CC962 /* libsqlite3.0.dylib */,
				FEACF06A14C02819003CC962 /* QuartzCore.framework */,
				FEACF06814C02810003CC962 /* CoreLocation.framework */,
				FEACF03D14C027F8003CC962 /* UIKit.framework */,
				FEACF03F14C027F8003CC962 /* Foundation.framework */,
				FEACF04114C027F8003CC962 /* CoreGraphics.framework */,
			);
			name = Frameworks;
			sourceTree = "<group>";
		};
		FEACF04314C027F8003CC962 /* NextGRT */ = {
			isa = PBXGroup;
			children = (
				FEACF08114C02E85003CC962 /* Model */,
				FEACF07A14C02DB7003CC962 /* Singleton Managers */,
				FEACF04C14C027F8003CC962 /* AppDelegate.h */,
				FEACF04D14C027F8003CC962 /* AppDelegate.m */,
				FEACF04F14C027F8003CC962 /* FavouritesViewController.h */,
				FEACF05014C027F8003CC962 /* FavouritesViewController.m */,
				FEACF05614C027F8003CC962 /* SearchViewController.h */,
				FEACF05714C027F8003CC962 /* SearchViewController.m */,
				FEACF07114C02A83003CC962 /* MoreViewController.h */,
				FEACF07214C02A83003CC962 /* MoreViewController.m */,
				FEACF05D14C027F8003CC962 /* FavouritesViewController.xib */,
				FEACF06014C027F8003CC962 /* SearchViewController.xib */,
				FEACF07814C02A91003CC962 /* MoreViewController.xib */,
				FEACF04414C027F8003CC962 /* Supporting Files */,
			);
			path = NextGRT;
			sourceTree = "<group>";
		};
		FEACF04414C027F8003CC962 /* Supporting Files */ = {
			isa = PBXGroup;
			children = (
				FEACF04514C027F8003CC962 /* NextGRT-Info.plist */,
				FEACF04614C027F8003CC962 /* InfoPlist.strings */,
				FEACF04914C027F8003CC962 /* main.m */,
				FEACF04B14C027F8003CC962 /* NextGRT-Prefix.pch */,
			);
			name = "Supporting Files";
			sourceTree = "<group>";
		};
		FEACF07A14C02DB7003CC962 /* Singleton Managers */ = {
			isa = PBXGroup;
			children = (
				FEACF07B14C02DDF003CC962 /* FavouriteStopsCentralManager.h */,
				FEACF07C14C02DDF003CC962 /* FavouriteStopsCentralManager.m */,
				FEACF07D14C02DDF003CC962 /* GRTDatabaseManager.h */,
				FEACF07E14C02DDF003CC962 /* GRTDatabaseManager.m */,
			);
			name = "Singleton Managers";
			sourceTree = "<group>";
		};
		FEACF08114C02E85003CC962 /* Model */ = {
			isa = PBXGroup;
			children = (
				FEACF08214C02E98003CC962 /* Stop.h */,
				FEACF08314C02E98003CC962 /* Stop.m */,
				FEACF08514C02F08003CC962 /* BusRoute.h */,
				FEACF08614C02F08003CC962 /* BusRoute.m */,
				FEACF08814C02F63003CC962 /* CountDown.h */,
				FEACF08914C02F63003CC962 /* CountDown.m */,
			);
			name = Model;
			sourceTree = "<group>";
		};
/* End PBXGroup section */

/* Begin PBXNativeTarget section */
		FEACF03814C027F8003CC962 /* NextGRT */ = {
			isa = PBXNativeTarget;
			buildConfigurationList = FEACF06514C027F8003CC962 /* Build configuration list for PBXNativeTarget "NextGRT" */;
			buildPhases = (
				FEACF03514C027F8003CC962 /* Sources */,
				FEACF03614C027F8003CC962 /* Frameworks */,
				FEACF03714C027F8003CC962 /* Resources */,
			);
			buildRules = (
			);
			dependencies = (
			);
			name = NextGRT;
			productName = NextGRT;
			productReference = FEACF03914C027F8003CC962 /* NextGRT.app */;
			productType = "com.apple.product-type.application";
		};
/* End PBXNativeTarget section */

/* Begin PBXProject section */
		FEACF03014C027F8003CC962 /* Project object */ = {
			isa = PBXProject;
			attributes = {
				LastUpgradeCheck = 0420;
			};
			buildConfigurationList = FEACF03314C027F8003CC962 /* Build configuration list for PBXProject "NextGRT" */;
			compatibilityVersion = "Xcode 3.2";
			developmentRegion = English;
			hasScannedForEncodings = 0;
			knownRegions = (
				en,
				"zh-Hans",
			);
			mainGroup = FEACF02E14C027F8003CC962;
			productRefGroup = FEACF03A14C027F8003CC962 /* Products */;
			projectDirPath = "";
			projectRoot = "";
			targets = (
				FEACF03814C027F8003CC962 /* NextGRT */,
			);
		};
/* End PBXProject section */

/* Begin PBXResourcesBuildPhase section */
		FEACF03714C027F8003CC962 /* Resources */ = {
			isa = PBXResourcesBuildPhase;
			buildActionMask = 2147483647;
			files = (
				FEACF04814C027F8003CC962 /* InfoPlist.strings in Resources */,
				FEACF05F14C027F8003CC962 /* FavouritesViewController.xib in Resources */,
				FEACF06214C027F8003CC962 /* SearchViewController.xib in Resources */,
				FEACF07614C02A91003CC962 /* MoreViewController.xib in Resources */,
			);
			runOnlyForDeploymentPostprocessing = 0;
		};
/* End PBXResourcesBuildPhase section */

/* Begin PBXSourcesBuildPhase section */
		FEACF03514C027F8003CC962 /* Sources */ = {
			isa = PBXSourcesBuildPhase;
			buildActionMask = 2147483647;
			files = (
				FEACF04A14C027F8003CC962 /* main.m in Sources */,
				FEACF04E14C027F8003CC962 /* AppDelegate.m in Sources */,
				FEACF05114C027F8003CC962 /* FavouritesViewController.m in Sources */,
				FEACF05814C027F8003CC962 /* SearchViewController.m in Sources */,
				FEACF07414C02A83003CC962 /* MoreViewController.m in Sources */,
				FEACF07F14C02DDF003CC962 /* FavouriteStopsCentralManager.m in Sources */,
				FEACF08014C02DDF003CC962 /* GRTDatabaseManager.m in Sources */,
				FEACF08414C02E98003CC962 /* Stop.m in Sources */,
				FEACF08714C02F08003CC962 /* BusRoute.m in Sources */,
				FEACF08A14C02F63003CC962 /* CountDown.m in Sources */,
			);
			runOnlyForDeploymentPostprocessing = 0;
		};
/* End PBXSourcesBuildPhase section */

/* Begin PBXVariantGroup section */
		FEACF04614C027F8003CC962 /* InfoPlist.strings */ = {
			isa = PBXVariantGroup;
			children = (
				FEACF04714C027F8003CC962 /* en */,
				FEACF06F14C02960003CC962 /* zh-Hans */,
			);
			name = InfoPlist.strings;
			sourceTree = "<group>";
		};
		FEACF05D14C027F8003CC962 /* FavouritesViewController.xib */ = {
			isa = PBXVariantGroup;
			children = (
				FEACF05E14C027F8003CC962 /* en */,
				FEACF06E14C02960003CC962 /* zh-Hans */,
			);
			name = FavouritesViewController.xib;
			sourceTree = "<group>";
		};
		FEACF06014C027F8003CC962 /* SearchViewController.xib */ = {
			isa = PBXVariantGroup;
			children = (
				FEACF06114C027F8003CC962 /* en */,
				FEACF07014C02960003CC962 /* zh-Hans */,
			);
			name = SearchViewController.xib;
			sourceTree = "<group>";
		};
		FEACF07814C02A91003CC962 /* MoreViewController.xib */ = {
			isa = PBXVariantGroup;
			children = (
				FEACF07714C02A91003CC962 /* en */,
				FEACF07914C02A99003CC962 /* zh-Hans */,
			);
			name = MoreViewController.xib;
			sourceTree = "<group>";
		};
/* End PBXVariantGroup section */

/* Begin XCBuildConfiguration section */
		FEACF06314C027F8003CC962 /* Debug */ = {
			isa = XCBuildConfiguration;
			buildSettings = {
				ALWAYS_SEARCH_USER_PATHS = NO;
				ARCHS = "$(ARCHS_STANDARD_32_BIT)";
				CLANG_ENABLE_OBJC_ARC = YES;
				"CODE_SIGN_IDENTITY[sdk=iphoneos*]" = "iPhone Developer";
				COPY_PHASE_STRIP = NO;
				GCC_C_LANGUAGE_STANDARD = gnu99;
				GCC_DYNAMIC_NO_PIC = NO;
				GCC_OPTIMIZATION_LEVEL = 0;
				GCC_PREPROCESSOR_DEFINITIONS = (
					"DEBUG=1",
					"$(inherited)",
				);
				GCC_SYMBOLS_PRIVATE_EXTERN = NO;
				GCC_VERSION = com.apple.compilers.llvm.clang.1_0;
				GCC_WARN_ABOUT_MISSING_PROTOTYPES = YES;
				GCC_WARN_ABOUT_RETURN_TYPE = YES;
				GCC_WARN_UNUSED_VARIABLE = YES;
				IPHONEOS_DEPLOYMENT_TARGET = 4.0;
				SDKROOT = iphoneos;
			};
			name = Debug;
		};
		FEACF06414C027F8003CC962 /* Release */ = {
			isa = XCBuildConfiguration;
			buildSettings = {
				ALWAYS_SEARCH_USER_PATHS = NO;
				ARCHS = "$(ARCHS_STANDARD_32_BIT)";
				CLANG_ENABLE_OBJC_ARC = YES;
				"CODE_SIGN_IDENTITY[sdk=iphoneos*]" = "iPhone Developer";
				COPY_PHASE_STRIP = YES;
				GCC_C_LANGUAGE_STANDARD = gnu99;
				GCC_VERSION = com.apple.compilers.llvm.clang.1_0;
				GCC_WARN_ABOUT_MISSING_PROTOTYPES = YES;
				GCC_WARN_ABOUT_RETURN_TYPE = YES;
				GCC_WARN_UNUSED_VARIABLE = YES;
				IPHONEOS_DEPLOYMENT_TARGET = 4.0;
				OTHER_CFLAGS = "-DNS_BLOCK_ASSERTIONS=1";
				SDKROOT = iphoneos;
				VALIDATE_PRODUCT = YES;
			};
			name = Release;
		};
		FEACF06614C027F8003CC962 /* Debug */ = {
			isa = XCBuildConfiguration;
			buildSettings = {
				GCC_PRECOMPILE_PREFIX_HEADER = YES;
				GCC_PREFIX_HEADER = "NextGRT/NextGRT-Prefix.pch";
				INFOPLIST_FILE = "NextGRT/NextGRT-Info.plist";
				PRODUCT_NAME = "$(TARGET_NAME)";
				WRAPPER_EXTENSION = app;
			};
			name = Debug;
		};
		FEACF06714C027F8003CC962 /* Release */ = {
			isa = XCBuildConfiguration;
			buildSettings = {
				GCC_PRECOMPILE_PREFIX_HEADER = YES;
				GCC_PREFIX_HEADER = "NextGRT/NextGRT-Prefix.pch";
				INFOPLIST_FILE = "NextGRT/NextGRT-Info.plist";
				PRODUCT_NAME = "$(TARGET_NAME)";
				WRAPPER_EXTENSION = app;
			};
			name = Release;
		};
/* End XCBuildConfiguration section */

/* Begin XCConfigurationList section */
		FEACF03314C027F8003CC962 /* Build configuration list for PBXProject "NextGRT" */ = {
			isa = XCConfigurationList;
			buildConfigurations = (
				FEACF06314C027F8003CC962 /* Debug */,
				FEACF06414C027F8003CC962 /* Release */,
			);
			defaultConfigurationIsVisible = 0;
			defaultConfigurationName = Release;
		};
		FEACF06514C027F8003CC962 /* Build configuration list for PBXNativeTarget "NextGRT" */ = {
			isa = XCConfigurationList;
			buildConfigurations = (
				FEACF06614C027F8003CC962 /* Debug */,
				FEACF06714C027F8003CC962 /* Release */,
			);
			defaultConfigurationIsVisible = 0;
		};
/* End XCConfigurationList section */
	};
	rootObject = FEACF03014C027F8003CC962 /* Project object */;
}
